// !$*UTF8*$!
{
	archiveVersion = 1;
	classes = {
	};
	objectVersion = 77;
	objects = {

/* Begin PBXContainerItemProxy section */
		7B07D9D62E52329700EDE0C1 /* PBXContainerItemProxy */ = {
			isa = PBXContainerItemProxy;
			containerPortal = 7B07D9C02E52329600EDE0C1 /* Project object */;
			proxyType = 1;
			remoteGlobalIDString = 7B07D9C72E52329600EDE0C1;
			remoteInfo = realestatepost;
		};
		7B07D9E02E52329700EDE0C1 /* PBXContainerItemProxy */ = {
			isa = PBXContainerItemProxy;
			containerPortal = 7B07D9C02E52329600EDE0C1 /* Project object */;
			proxyType = 1;
			remoteGlobalIDString = 7B07D9C72E52329600EDE0C1;
			remoteInfo = realestatepost;
		};
/* End PBXContainerItemProxy section */

/* Begin PBXFileReference section */
		7B07D9C82E52329600EDE0C1 /* realestatepost.app */ = {isa = PBXFileReference; explicitFileType = wrapper.application; includeInIndex = 0; path = realestatepost.app; sourceTree = BUILT_PRODUCTS_DIR; };
		7B07D9D52E52329700EDE0C1 /* realestatepostTests.xctest */ = {isa = PBXFileReference; explicitFileType = wrapper.cfbundle; includeInIndex = 0; path = realestatepostTests.xctest; sourceTree = BUILT_PRODUCTS_DIR; };
		7B07D9DF2E52329700EDE0C1 /* realestatepostUITests.xctest */ = {isa = PBXFileReference; explicitFileType = wrapper.cfbundle; includeInIndex = 0; path = realestatepostUITests.xctest; sourceTree = BUILT_PRODUCTS_DIR; };
/* End PBXFileReference section */

/* Begin PBXFileSystemSynchronizedBuildFileExceptionSet section */
		7B07D9F92E52358100EDE0C1 /* Exceptions for "realestatepost" folder in "realestatepost" target */ = {
			isa = PBXFileSystemSynchronizedBuildFileExceptionSet;
			membershipExceptions = (
				Info.plist,
			);
			target = 7B07D9C72E52329600EDE0C1 /* realestatepost */;
		};
/* End PBXFileSystemSynchronizedBuildFileExceptionSet section */

/* Begin PBXFileSystemSynchronizedRootGroup section */
		7B07D9CA2E52329600EDE0C1 /* realestatepost */ = {
			isa = PBXFileSystemSynchronizedRootGroup;
			exceptions = (
				7B07D9F92E52358100EDE0C1 /* Exceptions for "realestatepost" folder in "realestatepost" target */,
			);
			path = realestatepost;
			sourceTree = "<group>";
		};
		7B07D9D82E52329700EDE0C1 /* realestatepostTests */ = {
			isa = PBXFileSystemSynchronizedRootGroup;
			path = realestatepostTests;
			sourceTree = "<group>";
		};
		7B07D9E22E52329700EDE0C1 /* realestatepostUITests */ = {
			isa = PBXFileSystemSynchronizedRootGroup;
			path = realestatepostUITests;
			sourceTree = "<group>";
		};
/* End PBXFileSystemSynchronizedRootGroup section */

/* Begin PBXFrameworksBuildPhase section */
		7B07D9C52E52329600EDE0C1 /* Frameworks */ = {
			isa = PBXFrameworksBuildPhase;
			buildActionMask = 2147483647;
			files = (
			);
			runOnlyForDeploymentPostprocessing = 0;
		};
		7B07D9D22E52329700EDE0C1 /* Frameworks */ = {
			isa = PBXFrameworksBuildPhase;
			buildActionMask = 2147483647;
			files = (
			);
			runOnlyForDeploymentPostprocessing = 0;
		};
		7B07D9DC2E52329700EDE0C1 /* Frameworks */ = {
			isa = PBXFrameworksBuildPhase;
			buildActionMask = 2147483647;
			files = (
			);
			runOnlyForDeploymentPostprocessing = 0;
		};
/* End PBXFrameworksBuildPhase section */

/* Begin PBXGroup section */
		7B07D9BF2E52329600EDE0C1 = {
			isa = PBXGroup;
			children = (
				7B07D9CA2E52329600EDE0C1 /* realestatepost */,
				7B07D9D82E52329700EDE0C1 /* realestatepostTests */,
				7B07D9E22E52329700EDE0C1 /* realestatepostUITests */,
				7B07D9C92E52329600EDE0C1 /* Products */,
			);
			sourceTree = "<group>";
		};
		7B07D9C92E52329600EDE0C1 /* Products */ = {
			isa = PBXGroup;
			children = (
				7B07D9C82E52329600EDE0C1 /* realestatepost.app */,
				7B07D9D52E52329700EDE0C1 /* realestatepostTests.xctest */,
				7B07D9DF2E52329700EDE0C1 /* realestatepostUITests.xctest */,
			);
			name = Products;
			sourceTree = "<group>";
		};
/* End PBXGroup section */

/* Begin PBXNativeTarget section */
		7B07D9C72E52329600EDE0C1 /* realestatepost */ = {
			isa = PBXNativeTarget;
			buildConfigurationList = 7B07D9E92E52329700EDE0C1 /* Build configuration list for PBXNativeTarget "realestatepost" */;
			buildPhases = (
				7B07D9C42E52329600EDE0C1 /* Sources */,
				7B07D9C52E52329600EDE0C1 /* Frameworks */,
				7B07D9C62E52329600EDE0C1 /* Resources */,
			);
			buildRules = (
			);
			dependencies = (
			);
			fileSystemSynchronizedGroups = (
				7B07D9CA2E52329600EDE0C1 /* realestatepost */,
			);
			name = realestatepost;
			packageProductDependencies = (
			);
			productName = realestatepost;
			productReference = 7B07D9C82E52329600EDE0C1 /* realestatepost.app */;
			productType = "com.apple.product-type.application";
		};
		7B07D9D42E52329700EDE0C1 /* realestatepostTests */ = {
			isa = PBXNativeTarget;
			buildConfigurationList = 7B07D9EC2E52329700EDE0C1 /* Build configuration list for PBXNativeTarget "realestatepostTests" */;
			buildPhases = (
				7B07D9D12E52329700EDE0C1 /* Sources */,
				7B07D9D22E52329700EDE0C1 /* Frameworks */,
				7B07D9D32E52329700EDE0C1 /* Resources */,
			);
			buildRules = (
			);
			dependencies = (
				7B07D9D72E52329700EDE0C1 /* PBXTargetDependency */,
			);
			fileSystemSynchronizedGroups = (
				7B07D9D82E52329700EDE0C1 /* realestatepostTests */,
			);
			name = realestatepostTests;
			packageProductDependencies = (
			);
			productName = realestatepostTests;
			productReference = 7B07D9D52E52329700EDE0C1 /* realestatepostTests.xctest */;
			productType = "com.apple.product-type.bundle.unit-test";
		};
		7B07D9DE2E52329700EDE0C1 /* realestatepostUITests */ = {
			isa = PBXNativeTarget;
			buildConfigurationList = 7B07D9EF2E52329700EDE0C1 /* Build configuration list for PBXNativeTarget "realestatepostUITests" */;
			buildPhases = (
				7B07D9DB2E52329700EDE0C1 /* Sources */,
				7B07D9DC2E52329700EDE0C1 /* Frameworks */,
				7B07D9DD2E52329700EDE0C1 /* Resources */,
			);
			buildRules = (
			);
			dependencies = (
				7B07D9E12E52329700EDE0C1 /* PBXTargetDependency */,
			);
			fileSystemSynchronizedGroups = (
				7B07D9E22E52329700EDE0C1 /* realestatepostUITests */,
			);
			name = realestatepostUITests;
			packageProductDependencies = (
			);
			productName = realestatepostUITests;
			productReference = 7B07D9DF2E52329700EDE0C1 /* realestatepostUITests.xctest */;
			productType = "com.apple.product-type.bundle.ui-testing";
		};
/* End PBXNativeTarget section */

/* Begin PBXProject section */
		7B07D9C02E52329600EDE0C1 /* Project object */ = {
			isa = PBXProject;
			attributes = {
				BuildIndependentTargetsInParallel = 1;
				LastSwiftUpdateCheck = 1640;
				LastUpgradeCheck = 1640;
				TargetAttributes = {
					7B07D9C72E52329600EDE0C1 = {
						CreatedOnToolsVersion = 16.4;
					};
					7B07D9D42E52329700EDE0C1 = {
						CreatedOnToolsVersion = 16.4;
						TestTargetID = 7B07D9C72E52329600EDE0C1;
					};
					7B07D9DE2E52329700EDE0C1 = {
						CreatedOnToolsVersion = 16.4;
						TestTargetID = 7B07D9C72E52329600EDE0C1;
					};
				};
			};
			buildConfigurationList = 7B07D9C32E52329600EDE0C1 /* Build configuration list for PBXProject "realestatepost" */;
			developmentRegion = en;
			hasScannedForEncodings = 0;
			knownRegions = (
				en,
				Base,
			);
			mainGroup = 7B07D9BF2E52329600EDE0C1;
			minimizedProjectReferenceProxies = 1;
			preferredProjectObjectVersion = 77;
			productRefGroup = 7B07D9C92E52329600EDE0C1 /* Products */;
			projectDirPath = "";
			projectRoot = "";
			targets = (
				7B07D9C72E52329600EDE0C1 /* realestatepost */,
				7B07D9D42E52329700EDE0C1 /* realestatepostTests */,
				7B07D9DE2E52329700EDE0C1 /* realestatepostUITests */,
			);
		};
/* End PBXProject section */

/* Begin PBXResourcesBuildPhase section */
		7B07D9C62E52329600EDE0C1 /* Resources */ = {
			isa = PBXResourcesBuildPhase;
			buildActionMask = 2147483647;
			files = (
			);
			runOnlyForDeploymentPostprocessing = 0;
		};
		7B07D9D32E52329700EDE0C1 /* Resources */ = {
			isa = PBXResourcesBuildPhase;
			buildActionMask = 2147483647;
			files = (
			);
			runOnlyForDeploymentPostprocessing = 0;
		};
		7B07D9DD2E52329700EDE0C1 /* Resources */ = {
			isa = PBXResourcesBuildPhase;
			buildActionMask = 2147483647;
			files = (
			);
			runOnlyForDeploymentPostprocessing = 0;
		};
/* End PBXResourcesBuildPhase section */

/* Begin PBXSourcesBuildPhase section */
		7B07D9C42E52329600EDE0C1 /* Sources */ = {
			isa = PBXSourcesBuildPhase;
			buildActionMask = 2147483647;
			files = (
			);
			runOnlyForDeploymentPostprocessing = 0;
		};
		7B07D9D12E52329700EDE0C1 /* Sources */ = {
			isa = PBXSourcesBuildPhase;
			buildActionMask = 2147483647;
			files = (
			);
			runOnlyForDeploymentPostprocessing = 0;
		};
		7B07D9DB2E52329700EDE0C1 /* Sources */ = {
			isa = PBXSourcesBuildPhase;
			buildActionMask = 2147483647;
			files = (
			);
			runOnlyForDeploymentPostprocessing = 0;
		};
/* End PBXSourcesBuildPhase section */

/* Begin PBXTargetDependency section */
		7B07D9D72E52329700EDE0C1 /* PBXTargetDependency */ = {
			isa = PBXTargetDependency;
			target = 7B07D9C72E52329600EDE0C1 /* realestatepost */;
			targetProxy = 7B07D9D62E52329700EDE0C1 /* PBXContainerItemProxy */;
		};
		7B07D9E12E52329700EDE0C1 /* PBXTargetDependency */ = {
			isa = PBXTargetDependency;
			target = 7B07D9C72E52329600EDE0C1 /* realestatepost */;
			targetProxy = 7B07D9E02E52329700EDE0C1 /* PBXContainerItemProxy */;
		};
/* End PBXTargetDependency section */

/* Begin XCBuildConfiguration section */
		7B07D9E72E52329700EDE0C1 /* Debug */ = {
			isa = XCBuildConfiguration;
			buildSettings = {
				ALWAYS_SEARCH_USER_PATHS = NO;
				ASSETCATALOG_COMPILER_GENERATE_SWIFT_ASSET_SYMBOL_EXTENSIONS = YES;
				CLANG_ANALYZER_NONNULL = YES;
				CLANG_ANALYZER_NUMBER_OBJECT_CONVERSION = YES_AGGRESSIVE;
				CLANG_CXX_LANGUAGE_STANDARD = "gnu++20";
				CLANG_ENABLE_MODULES = YES;
				CLANG_ENABLE_OBJC_ARC = YES;
				CLANG_ENABLE_OBJC_WEAK = YES;
				CLANG_WARN_BLOCK_CAPTURE_AUTORELEASING = YES;
				CLANG_WARN_BOOL_CONVERSION = YES;
				CLANG_WARN_COMMA = YES;
				CLANG_WARN_CONSTANT_CONVERSION = YES;
				CLANG_WARN_DEPRECATED_OBJC_IMPLEMENTATIONS = YES;
				CLANG_WARN_DIRECT_OBJC_ISA_USAGE = YES_ERROR;
				CLANG_WARN_DOCUMENTATION_COMMENTS = YES;
				CLANG_WARN_EMPTY_BODY = YES;
				CLANG_WARN_ENUM_CONVERSION = YES;
				CLANG_WARN_INFINITE_RECURSION = YES;
				CLANG_WARN_INT_CONVERSION = YES;
				CLANG_WARN_NON_LITERAL_NULL_CONVERSION = YES;
				CLANG_WARN_OBJC_IMPLICIT_RETAIN_SELF = YES;
				CLANG_WARN_OBJC_LITERAL_CONVERSION = YES;
				CLANG_WARN_OBJC_ROOT_CLASS = YES_ERROR;
				CLANG_WARN_QUOTED_INCLUDE_IN_FRAMEWORK_HEADER = YES;
				CLANG_WARN_RANGE_LOOP_ANALYSIS = YES;
				CLANG_WARN_STRICT_PROTOTYPES = YES;
				CLANG_WARN_SUSPICIOUS_MOVE = YES;
				CLANG_WARN_UNGUARDED_AVAILABILITY = YES_AGGRESSIVE;
				CLANG_WARN_UNREACHABLE_CODE = YES;
				CLANG_WARN__DUPLICATE_METHOD_MATCH = YES;
				COPY_PHASE_STRIP = NO;
				DEBUG_INFORMATION_FORMAT = dwarf;
				DEVELOPMENT_TEAM = F63Q93GR8G;
				ENABLE_STRICT_OBJC_MSGSEND = YES;
				ENABLE_TESTABILITY = YES;
				ENABLE_USER_SCRIPT_SANDBOXING = YES;
				GCC_C_LANGUAGE_STANDARD = gnu17;
				GCC_DYNAMIC_NO_PIC = NO;
				GCC_NO_COMMON_BLOCKS = YES;
				GCC_OPTIMIZATION_LEVEL = 0;
				GCC_PREPROCESSOR_DEFINITIONS = (
					"DEBUG=1",
					"$(inherited)",
				);
				GCC_WARN_64_TO_32_BIT_CONVERSION = YES;
				GCC_WARN_ABOUT_RETURN_TYPE = YES_ERROR;
				GCC_WARN_UNDECLARED_SELECTOR = YES;
				GCC_WARN_UNINITIALIZED_AUTOS = YES_AGGRESSIVE;
				GCC_WARN_UNUSED_FUNCTION = YES;
				GCC_WARN_UNUSED_VARIABLE = YES;
				IPHONEOS_DEPLOYMENT_TARGET = 18.5;
				LOCALIZATION_PREFERS_STRING_CATALOGS = YES;
				MTL_ENABLE_DEBUG_INFO = INCLUDE_SOURCE;
				MTL_FAST_MATH = YES;
				ONLY_ACTIVE_ARCH = YES;
				SDKROOT = iphoneos;
				SWIFT_ACTIVE_COMPILATION_CONDITIONS = "DEBUG $(inherited)";
				SWIFT_OPTIMIZATION_LEVEL = "-Onone";
			};
			name = Debug;
		};
		7B07D9E82E52329700EDE0C1 /* Release */ = {
			isa = XCBuildConfiguration;
			buildSettings = {
				ALWAYS_SEARCH_USER_PATHS = NO;
				ASSETCATALOG_COMPILER_GENERATE_SWIFT_ASSET_SYMBOL_EXTENSIONS = YES;
				CLANG_ANALYZER_NONNULL = YES;
				CLANG_ANALYZER_NUMBER_OBJECT_CONVERSION = YES_AGGRESSIVE;
				CLANG_CXX_LANGUAGE_STANDARD = "gnu++20";
				CLANG_ENABLE_MODULES = YES;
				CLANG_ENABLE_OBJC_ARC = YES;
				CLANG_ENABLE_OBJC_WEAK = YES;
				CLANG_WARN_BLOCK_CAPTURE_AUTORELEASING = YES;
				CLANG_WARN_BOOL_CONVERSION = YES;
				CLANG_WARN_COMMA = YES;
				CLANG_WARN_CONSTANT_CONVERSION = YES;
				CLANG_WARN_DEPRECATED_OBJC_IMPLEMENTATIONS = YES;
				CLANG_WARN_DIRECT_OBJC_ISA_USAGE = YES_ERROR;
				CLANG_WARN_DOCUMENTATION_COMMENTS = YES;
				CLANG_WARN_EMPTY_BODY = YES;
				CLANG_WARN_ENUM_CONVERSION = YES;
				CLANG_WARN_INFINITE_RECURSION = YES;
				CLANG_WARN_INT_CONVERSION = YES;
				CLANG_WARN_NON_LITERAL_NULL_CONVERSION = YES;
				CLANG_WARN_OBJC_IMPLICIT_RETAIN_SELF = YES;
				CLANG_WARN_OBJC_LITERAL_CONVERSION = YES;
				CLANG_WARN_OBJC_ROOT_CLASS = YES_ERROR;
				CLANG_WARN_QUOTED_INCLUDE_IN_FRAMEWORK_HEADER = YES;
				CLANG_WARN_RANGE_LOOP_ANALYSIS = YES;
				CLANG_WARN_STRICT_PROTOTYPES = YES;
				CLANG_WARN_SUSPICIOUS_MOVE = YES;
				CLANG_WARN_UNGUARDED_AVAILABILITY = YES_AGGRESSIVE;
				CLANG_WARN_UNREACHABLE_CODE = YES;
				CLANG_WARN__DUPLICATE_METHOD_MATCH = YES;
				COPY_PHASE_STRIP = NO;
				DEBUG_INFORMATION_FORMAT = "dwarf-with-dsym";
				DEVELOPMENT_TEAM = F63Q93GR8G;
				ENABLE_NS_ASSERTIONS = NO;
				ENABLE_STRICT_OBJC_MSGSEND = YES;
				ENABLE_USER_SCRIPT_SANDBOXING = YES;
				GCC_C_LANGUAGE_STANDARD = gnu17;
				GCC_NO_COMMON_BLOCKS = YES;
				GCC_WARN_64_TO_32_BIT_CONVERSION = YES;
				GCC_WARN_ABOUT_RETURN_TYPE = YES_ERROR;
				GCC_WARN_UNDECLARED_SELECTOR = YES;
				GCC_WARN_UNINITIALIZED_AUTOS = YES_AGGRESSIVE;
				GCC_WARN_UNUSED_FUNCTION = YES;
				GCC_WARN_UNUSED_VARIABLE = YES;
				IPHONEOS_DEPLOYMENT_TARGET = 18.5;
				LOCALIZATION_PREFERS_STRING_CATALOGS = YES;
				MTL_ENABLE_DEBUG_INFO = NO;
				MTL_FAST_MATH = YES;
				SDKROOT = iphoneos;
				SWIFT_COMPILATION_MODE = wholemodule;
				VALIDATE_PRODUCT = YES;
			};
			name = Release;
		};
		7B07D9EA2E52329700EDE0C1 /* Debug */ = {
			isa = XCBuildConfiguration;
			buildSettings = {
				ASSETCATALOG_COMPILER_APPICON_NAME = AppIcon;
				ASSETCATALOG_COMPILER_GLOBAL_ACCENT_COLOR_NAME = AccentColor;
				CODE_SIGN_STYLE = Automatic;
				CURRENT_PROJECT_VERSION = 1;
				DEVELOPMENT_TEAM = F63Q93GR8G;
				ENABLE_PREVIEWS = YES;
				GENERATE_INFOPLIST_FILE = YES;
				INFOPLIST_FILE = realestatepost/Info.plist;
				INFOPLIST_KEY_UIApplicationSceneManifest_Generation = YES;
				INFOPLIST_KEY_UIApplicationSupportsIndirectInputEvents = YES;
				INFOPLIST_KEY_UILaunchScreen_Generation = YES;
				INFOPLIST_KEY_UISupportedInterfaceOrientations_iPad = "UIInterfaceOrientationPortrait UIInterfaceOrientationPortraitUpsideDown UIInterfaceOrientationLandscapeLeft UIInterfaceOrientationLandscapeRight";
				INFOPLIST_KEY_UISupportedInterfaceOrientations_iPhone = "UIInterfaceOrientationPortrait UIInterfaceOrientationLandscapeLeft UIInterfaceOrientationLandscapeRight";
				LD_RUNPATH_SEARCH_PATHS = (
					"$(inherited)",
					"@executable_path/Frameworks",
				);
				MARKETING_VERSION = 1.0;
				PRODUCT_BUNDLE_IDENTIFIER = com.ritu.kohli.realestatepost;
				PRODUCT_NAME = "$(TARGET_NAME)";
				SWIFT_EMIT_LOC_STRINGS = YES;
				SWIFT_VERSION = 5.0;
				TARGETED_DEVICE_FAMILY = "1,2";
			};
			name = Debug;
		};
		7B07D9EB2E52329700EDE0C1 /* Release */ = {
			isa = XCBuildConfiguration;
			buildSettings = {
				ASSETCATALOG_COMPILER_APPICON_NAME = AppIcon;
				ASSETCATALOG_COMPILER_GLOBAL_ACCENT_COLOR_NAME = AccentColor;
				CODE_SIGN_STYLE = Automatic;
				CURRENT_PROJECT_VERSION = 1;
				DEVELOPMENT_TEAM = F63Q93GR8G;
				ENABLE_PREVIEWS = YES;
				GENERATE_INFOPLIST_FILE = YES;
				INFOPLIST_FILE = realestatepost/Info.plist;
				INFOPLIST_KEY_UIApplicationSceneManifest_Generation = YES;
				INFOPLIST_KEY_UIApplicationSupportsIndirectInputEvents = YES;
				INFOPLIST_KEY_UILaunchScreen_Generation = YES;
				INFOPLIST_KEY_UISupportedInterfaceOrientations_iPad = "UIInterfaceOrientationPortrait UIInterfaceOrientationPortraitUpsideDown UIInterfaceOrientationLandscapeLeft UIInterfaceOrientationLandscapeRight";
				INFOPLIST_KEY_UISupportedInterfaceOrientations_iPhone = "UIInterfaceOrientationPortrait UIInterfaceOrientationLandscapeLeft UIInterfaceOrientationLandscapeRight";
				LD_RUNPATH_SEARCH_PATHS = (
					"$(inherited)",
					"@executable_path/Frameworks",
				);
				MARKETING_VERSION = 1.0;
				PRODUCT_BUNDLE_IDENTIFIER = com.ritu.kohli.realestatepost;
				PRODUCT_NAME = "$(TARGET_NAME)";
				SWIFT_EMIT_LOC_STRINGS = YES;
				SWIFT_VERSION = 5.0;
				TARGETED_DEVICE_FAMILY = "1,2";
			};
			name = Release;
		};
		7B07D9ED2E52329700EDE0C1 /* Debug */ = {
			isa = XCBuildConfiguration;
			buildSettings = {
				BUNDLE_LOADER = "$(TEST_HOST)";
				CODE_SIGN_STYLE = Automatic;
				CURRENT_PROJECT_VERSION = 1;
				DEVELOPMENT_TEAM = F63Q93GR8G;
				GENERATE_INFOPLIST_FILE = YES;
				IPHONEOS_DEPLOYMENT_TARGET = 18.5;
				MARKETING_VERSION = 1.0;
				PRODUCT_BUNDLE_IDENTIFIER = com.ritu.kohli.realestatepostTests;
				PRODUCT_NAME = "$(TARGET_NAME)";
				SWIFT_EMIT_LOC_STRINGS = NO;
				SWIFT_VERSION = 5.0;
				TARGETED_DEVICE_FAMILY = "1,2";
				TEST_HOST = "$(BUILT_PRODUCTS_DIR)/realestatepost.app/$(BUNDLE_EXECUTABLE_FOLDER_PATH)/realestatepost";
			};
			name = Debug;
		};
		7B07D9EE2E52329700EDE0C1 /* Release */ = {
			isa = XCBuildConfiguration;
			buildSettings = {
				BUNDLE_LOADER = "$(TEST_HOST)";
				CODE_SIGN_STYLE = Automatic;
				CURRENT_PROJECT_VERSION = 1;
				DEVELOPMENT_TEAM = F63Q93GR8G;
				GENERATE_INFOPLIST_FILE = YES;
				IPHONEOS_DEPLOYMENT_TARGET = 18.5;
				MARKETING_VERSION = 1.0;
				PRODUCT_BUNDLE_IDENTIFIER = com.ritu.kohli.realestatepostTests;
				PRODUCT_NAME = "$(TARGET_NAME)";
				SWIFT_EMIT_LOC_STRINGS = NO;
				SWIFT_VERSION = 5.0;
				TARGETED_DEVICE_FAMILY = "1,2";
				TEST_HOST = "$(BUILT_PRODUCTS_DIR)/realestatepost.app/$(BUNDLE_EXECUTABLE_FOLDER_PATH)/realestatepost";
			};
			name = Release;
		};
		7B07D9F02E52329700EDE0C1 /* Debug */ = {
			isa = XCBuildConfiguration;
			buildSettings = {
				CODE_SIGN_STYLE = Automatic;
				CURRENT_PROJECT_VERSION = 1;
				DEVELOPMENT_TEAM = F63Q93GR8G;
				GENERATE_INFOPLIST_FILE = YES;
				MARKETING_VERSION = 1.0;
				PRODUCT_BUNDLE_IDENTIFIER = com.ritu.kohli.realestatepostUITests;
				PRODUCT_NAME = "$(TARGET_NAME)";
				SWIFT_EMIT_LOC_STRINGS = NO;
				SWIFT_VERSION = 5.0;
				TARGETED_DEVICE_FAMILY = "1,2";
				TEST_TARGET_NAME = realestatepost;
			};
			name = Debug;
		};
		7B07D9F12E52329700EDE0C1 /* Release */ = {
			isa = XCBuildConfiguration;
			buildSettings = {
				CODE_SIGN_STYLE = Automatic;
				CURRENT_PROJECT_VERSION = 1;
				DEVELOPMENT_TEAM = F63Q93GR8G;
				GENERATE_INFOPLIST_FILE = YES;
				MARKETING_VERSION = 1.0;
				PRODUCT_BUNDLE_IDENTIFIER = com.ritu.kohli.realestatepostUITests;
				PRODUCT_NAME = "$(TARGET_NAME)";
				SWIFT_EMIT_LOC_STRINGS = NO;
				SWIFT_VERSION = 5.0;
				TARGETED_DEVICE_FAMILY = "1,2";
				TEST_TARGET_NAME = realestatepost;
			};
			name = Release;
		};
/* End XCBuildConfiguration section */

/* Begin XCConfigurationList section */
		7B07D9C32E52329600EDE0C1 /* Build configuration list for PBXProject "realestatepost" */ = {
			isa = XCConfigurationList;
			buildConfigurations = (
				7B07D9E72E52329700EDE0C1 /* Debug */,
				7B07D9E82E52329700EDE0C1 /* Release */,
			);
			defaultConfigurationIsVisible = 0;
			defaultConfigurationName = Release;
		};
		7B07D9E92E52329700EDE0C1 /* Build configuration list for PBXNativeTarget "realestatepost" */ = {
			isa = XCConfigurationList;
			buildConfigurations = (
				7B07D9EA2E52329700EDE0C1 /* Debug */,
				7B07D9EB2E52329700EDE0C1 /* Release */,
			);
			defaultConfigurationIsVisible = 0;
			defaultConfigurationName = Release;
		};
		7B07D9EC2E52329700EDE0C1 /* Build configuration list for PBXNativeTarget "realestatepostTests" */ = {
			isa = XCConfigurationList;
			buildConfigurations = (
				7B07D9ED2E52329700EDE0C1 /* Debug */,
				7B07D9EE2E52329700EDE0C1 /* Release */,
			);
			defaultConfigurationIsVisible = 0;
			defaultConfigurationName = Release;
		};
		7B07D9EF2E52329700EDE0C1 /* Build configuration list for PBXNativeTarget "realestatepostUITests" */ = {
			isa = XCConfigurationList;
			buildConfigurations = (
				7B07D9F02E52329700EDE0C1 /* Debug */,
				7B07D9F12E52329700EDE0C1 /* Release */,
			);
			defaultConfigurationIsVisible = 0;
			defaultConfigurationName = Release;
		};
/* End XCConfigurationList section */
	};
	rootObject = 7B07D9C02E52329600EDE0C1 /* Project object */;
}
